
Microsoft Visual Studio Solution File, Format Version 12.00
# Visual Studio Version 17
VisualStudioVersion = 17.11.35312.102
MinimumVisualStudioVersion = 10.0.40219.1
Project("{FAE04EC0-301F-11D3-BF4B-00C04F79EFBC}") = "PRG-MAUI-Quiz", "PRG-MAUI-Quiz\PRG-MAUI-Quiz.csproj", "{545C1B93-A27E-4DAF-B106-F417076BFFED}"
EndProject
Global
	GlobalSection(SolutionConfigurationPlatforms) = preSolution
		Debug|Any CPU = Debug|Any CPU
		Release|Any CPU = Release|Any CPU
	EndGlobalSection
	GlobalSection(ProjectConfigurationPlatforms) = postSolution
		{545C1B93-A27E-4DAF-B106-F417076BFFED}.Debug|Any CPU.ActiveCfg = Debug|Any CPU
		{545C1B93-A27E-4DAF-B106-F417076BFFED}.Debug|Any CPU.Build.0 = Debug|Any CPU
		{545C1B93-A27E-4DAF-B106-F417076BFFED}.Debug|Any CPU.Deploy.0 = Debug|Any CPU
		{545C1B93-A27E-4DAF-B106-F417076BFFED}.Release|Any CPU.ActiveCfg = Release|Any CPU
		{545C1B93-A27E-4DAF-B106-F417076BFFED}.Release|Any CPU.Build.0 = Release|Any CPU
		{545C1B93-A27E-4DAF-B106-F417076BFFED}.Release|Any CPU.Deploy.0 = Release|Any CPU
	EndGlobalSection
	GlobalSection(SolutionProperties) = preSolution
		HideSolutionNode = FALSE
	EndGlobalSection
	GlobalSection(ExtensibilityGlobals) = postSolution
		SolutionGuid = {8F589CFE-5030-4B59-8CC3-C5253003BDE5}
	EndGlobalSection
EndGlobal
